{
  "name": "foodie-test",
  "version": "1.0.0",
  "lockfileVersion": 1,
  "requires": true,
  "dependencies": {
    "@dcloudio/uni-ui": {
      "version": "1.2.5",
      "resolved": "https://registry.npm.taobao.org/@dcloudio/uni-ui/download/@dcloudio/uni-ui-1.2.5.tgz?cache=0&sync_timestamp=1597802134536&other_urls=https%3A%2F%2Fregistry.npm.taobao.org%2F%40dcloudio%2Funi-ui%2Fdownload%2F%40dcloudio%2Funi-ui-1.2.5.tgz",
      "integrity": "sha1-2by2+Ty4/hMUa/qg+cthpoFtz+8=",
      "dev": true
    },
    "axios": {
      "version": "0.20.0",
      "resolved": "https://registry.npm.taobao.org/axios/download/axios-0.20.0.tgz?cache=0&sync_timestamp=1597979633356&other_urls=https%3A%2F%2Fregistry.npm.taobao.org%2Faxios%2Fdownload%2Faxios-0.20.0.tgz",
      "integrity": "sha1-BXujDwSIRpSZOozQf6OUz/EcUL0=",
      "requires": {
        "follow-redirects": "^1.10.0"
      }
    },
    "follow-redirects": {
      "version": "1.13.0",
      "resolved": "https://registry.npm.taobao.org/follow-redirects/download/follow-redirects-1.13.0.tgz?cache=0&sync_timestamp=1597057976909&other_urls=https%3A%2F%2Fregistry.npm.taobao.org%2Ffollow-redirects%2Fdownload%2Ffollow-redirects-1.13.0.tgz",
      "integrity": "sha1-tC6Nk6Kn7qXtiGM2dtZZe8jjhNs="
    },
    "luch-request": {
      "version": "3.0.4",
      "resolved": "https://registry.npm.taobao.org/luch-request/download/luch-request-3.0.4.tgz",
      "integrity": "sha1-XXExRKa/Abl7gSEv9tLAKFXaEcw="
    }
  }
}
